
Microsoft Visual Studio Solution File, Format Version 12.00
# Visual Studio Version 17
VisualStudioVersion = 17.2.32602.215
MinimumVisualStudioVersion = 10.0.40219.1
Project("{FAE04EC0-301F-11D3-BF4B-00C04F79EFBC}") = "JQuery", "JQuery\JQuery.csproj", "{C01BA1A3-3AC9-45ED-99AD-5FCE9E54FA45}"
EndProject
Global
	GlobalSection(SolutionConfigurationPlatforms) = preSolution
		Debug|Any CPU = Debug|Any CPU
		Release|Any CPU = Release|Any CPU
	EndGlobalSection
	GlobalSection(ProjectConfigurationPlatforms) = postSolution
		{C01BA1A3-3AC9-45ED-99AD-5FCE9E54FA45}.Debug|Any CPU.ActiveCfg = Debug|Any CPU
		{C01BA1A3-3AC9-45ED-99AD-5FCE9E54FA45}.Debug|Any CPU.Build.0 = Debug|Any CPU
		{C01BA1A3-3AC9-45ED-99AD-5FCE9E54FA45}.Release|Any CPU.ActiveCfg = Release|Any CPU
		{C01BA1A3-3AC9-45ED-99AD-5FCE9E54FA45}.Release|Any CPU.Build.0 = Release|Any CPU
	EndGlobalSection
	GlobalSection(SolutionProperties) = preSolution
		HideSolutionNode = FALSE
	EndGlobalSection
	GlobalSection(ExtensibilityGlobals) = postSolution
		SolutionGuid = {D493C91E-E5B6-4838-BB35-56E542AD628B}
	EndGlobalSection
EndGlobal
